
Microsoft Visual Studio Solution File, Format Version 11.00
# Visual C++ Express 2010
Project("{8BC9CEB8-8B4A-11D0-8D11-00A0C91BC942}") = "ALL", "ALL.vcxproj", "{268FB902-FEF2-80AD-FD03-ACB560D03336}"
EndProject
Global
	GlobalSection(SolutionConfigurationPlatforms) = preSolution
		Debug|Win32 = Debug|Win32
		Release|Win32 = Release|Win32
	EndGlobalSection
	GlobalSection(ProjectConfigurationPlatforms) = postSolution
		{268FB902-FEF2-80AD-FD03-ACB560D03336}.Debug|Win32.ActiveCfg = Debug|Win32
		{268FB902-FEF2-80AD-FD03-ACB560D03336}.Debug|Win32.Build.0 = Debug|Win32
		{268FB902-FEF2-80AD-FD03-ACB560D03336}.Release|Win32.ActiveCfg = Release|Win32
		{268FB902-FEF2-80AD-FD03-ACB560D03336}.Release|Win32.Build.0 = Release|Win32
	EndGlobalSection
	GlobalSection(SolutionProperties) = preSolution
		HideSolutionNode = FALSE
	EndGlobalSection
EndGlobal
